
Microsoft Visual Studio Solution File, Format Version 11.00
# Visual Studio 2010
Project("{FAE04EC0-301F-11D3-BF4B-00C04F79EFBC}") = "MakeBig5", "MakeBig5\MakeBig5.csproj", "{DDC4E8D7-AA55-435A-905E-0BD7C39967DB}"
EndProject
Global
	GlobalSection(SolutionConfigurationPlatforms) = preSolution
		Debug|x86 = Debug|x86
		Release|x86 = Release|x86
	EndGlobalSection
	GlobalSection(ProjectConfigurationPlatforms) = postSolution
		{DDC4E8D7-AA55-435A-905E-0BD7C39967DB}.Debug|x86.ActiveCfg = Debug|x86
		{DDC4E8D7-AA55-435A-905E-0BD7C39967DB}.Debug|x86.Build.0 = Debug|x86
		{DDC4E8D7-AA55-435A-905E-0BD7C39967DB}.Release|x86.ActiveCfg = Release|x86
		{DDC4E8D7-AA55-435A-905E-0BD7C39967DB}.Release|x86.Build.0 = Release|x86
	EndGlobalSection
	GlobalSection(SolutionProperties) = preSolution
		HideSolutionNode = FALSE
	EndGlobalSection
EndGlobal
